
Microsoft Visual Studio Solution File, Format Version 12.00
# Visual Studio Version 16
VisualStudioVersion = 16.0.28922.388
MinimumVisualStudioVersion = 10.0.40219.1
Project("{FAE04EC0-301F-11D3-BF4B-00C04F79EFBC}") = "WAejemplo", "WAejemplo\WAejemplo.csproj", "{E51F08E0-F065-4CD9-899D-131BB3B7CD9D}"
EndProject
Global
	GlobalSection(SolutionConfigurationPlatforms) = preSolution
		Debug|Any CPU = Debug|Any CPU
		Release|Any CPU = Release|Any CPU
	EndGlobalSection
	GlobalSection(ProjectConfigurationPlatforms) = postSolution
		{E51F08E0-F065-4CD9-899D-131BB3B7CD9D}.Debug|Any CPU.ActiveCfg = Debug|Any CPU
		{E51F08E0-F065-4CD9-899D-131BB3B7CD9D}.Debug|Any CPU.Build.0 = Debug|Any CPU
		{E51F08E0-F065-4CD9-899D-131BB3B7CD9D}.Release|Any CPU.ActiveCfg = Release|Any CPU
		{E51F08E0-F065-4CD9-899D-131BB3B7CD9D}.Release|Any CPU.Build.0 = Release|Any CPU
	EndGlobalSection
	GlobalSection(SolutionProperties) = preSolution
		HideSolutionNode = FALSE
	EndGlobalSection
	GlobalSection(ExtensibilityGlobals) = postSolution
		SolutionGuid = {703CD3B0-6654-40F8-A16B-3701D8CB3F75}
	EndGlobalSection
EndGlobal
